PODS:
  - Alamofire (5.9.1)
  - NMapsGeometry (1.0.2)
  - NMapsMap (3.18.1):
    - NMapsGeometry
  - SwiftyJSON (5.0.2)

DEPENDENCIES:
  - Alamofire
  - NMapsMap
  - SwiftyJSON

SPEC REPOS:
  trunk:
    - Alamofire
    - NMapsGeometry
    - NMapsMap
    - SwiftyJSON

SPEC CHECKSUMS:
  Alamofire: f36a35757af4587d8e4f4bfa223ad10be2422b8c
  NMapsGeometry: 4e02554fa9880ef02ed96b075dc84355d6352479
  NMapsMap: e879088eeee2d1e3b97f0a609076e1824dce2cad
  SwiftyJSON: f5b1bf1cd8dd53cd25887ac0eabcfd92301c6a5a

PODFILE CHECKSUM: 046d4e2912486a8552cfe7426f6d9b5745de6494

COCOAPODS: 1.15.2
