// !$*UTF8*$!
{
	archiveVersion = 1;
	classes = {
	};
	objectVersion = 56;
	objects = {

/* Begin PBXBuildFile section */
		6520E61476279CAA2DC00263 /* Pods_PinIT.framework in Frameworks */ = {isa = PBXBuildFile; fileRef = 85B864250794BEA467FA5A36 /* Pods_PinIT.framework */; };
		95610E632C0DA77D002C3406 /* MapViewController.swift in Sources */ = {isa = PBXBuildFile; fileRef = 95610E622C0DA77D002C3406 /* MapViewController.swift */; };
		9582186A2C0E072C00BC4E5D /* API.plist in Resources */ = {isa = PBXBuildFile; fileRef = 958218692C0E072C00BC4E5D /* API.plist */; };
		958218702C0E1F0D00BC4E5D /* ListViewController.swift in Sources */ = {isa = PBXBuildFile; fileRef = 9582186F2C0E1F0D00BC4E5D /* ListViewController.swift */; };
		958218772C0E202300BC4E5D /* LocationCell.swift in Sources */ = {isa = PBXBuildFile; fileRef = 958218752C0E202300BC4E5D /* LocationCell.swift */; };
		958218782C0E202300BC4E5D /* LocationCell.xib in Resources */ = {isa = PBXBuildFile; fileRef = 958218762C0E202300BC4E5D /* LocationCell.xib */; };
		95D512172C0D9FBB00007338 /* AppDelegate.swift in Sources */ = {isa = PBXBuildFile; fileRef = 95D512162C0D9FBB00007338 /* AppDelegate.swift */; };
		95D512192C0D9FBB00007338 /* SceneDelegate.swift in Sources */ = {isa = PBXBuildFile; fileRef = 95D512182C0D9FBB00007338 /* SceneDelegate.swift */; };
		95D5121B2C0D9FBB00007338 /* ViewController.swift in Sources */ = {isa = PBXBuildFile; fileRef = 95D5121A2C0D9FBB00007338 /* ViewController.swift */; };
		95D5121E2C0D9FBB00007338 /* Base in Resources */ = {isa = PBXBuildFile; fileRef = 95D5121D2C0D9FBB00007338 /* Base */; };
		95D512202C0D9FBC00007338 /* Assets.xcassets in Resources */ = {isa = PBXBuildFile; fileRef = 95D5121F2C0D9FBC00007338 /* Assets.xcassets */; };
		95D512232C0D9FBC00007338 /* Base in Resources */ = {isa = PBXBuildFile; fileRef = 95D512222C0D9FBC00007338 /* Base */; };
/* End PBXBuildFile section */

/* Begin PBXFileReference section */
		05CD4DAB41A5868B09102031 /* Pods-PinIT.release.xcconfig */ = {isa = PBXFileReference; includeInIndex = 1; lastKnownFileType = text.xcconfig; name = "Pods-PinIT.release.xcconfig"; path = "Target Support Files/Pods-PinIT/Pods-PinIT.release.xcconfig"; sourceTree = "<group>"; };
		85B864250794BEA467FA5A36 /* Pods_PinIT.framework */ = {isa = PBXFileReference; explicitFileType = wrapper.framework; includeInIndex = 0; path = Pods_PinIT.framework; sourceTree = BUILT_PRODUCTS_DIR; };
		95610E622C0DA77D002C3406 /* MapViewController.swift */ = {isa = PBXFileReference; lastKnownFileType = sourcecode.swift; name = MapViewController.swift; path = ../MapViewController.swift; sourceTree = "<group>"; };
		958218692C0E072C00BC4E5D /* API.plist */ = {isa = PBXFileReference; lastKnownFileType = text.plist.xml; path = API.plist; sourceTree = "<group>"; };
		9582186F2C0E1F0D00BC4E5D /* ListViewController.swift */ = {isa = PBXFileReference; lastKnownFileType = sourcecode.swift; path = ListViewController.swift; sourceTree = "<group>"; };
		958218752C0E202300BC4E5D /* LocationCell.swift */ = {isa = PBXFileReference; lastKnownFileType = sourcecode.swift; path = LocationCell.swift; sourceTree = "<group>"; };
		958218762C0E202300BC4E5D /* LocationCell.xib */ = {isa = PBXFileReference; lastKnownFileType = file.xib; path = LocationCell.xib; sourceTree = "<group>"; };
		95D512132C0D9FBB00007338 /* PinIT.app */ = {isa = PBXFileReference; explicitFileType = wrapper.application; includeInIndex = 0; path = PinIT.app; sourceTree = BUILT_PRODUCTS_DIR; };
		95D512162C0D9FBB00007338 /* AppDelegate.swift */ = {isa = PBXFileReference; lastKnownFileType = sourcecode.swift; path = AppDelegate.swift; sourceTree = "<group>"; };
		95D512182C0D9FBB00007338 /* SceneDelegate.swift */ = {isa = PBXFileReference; lastKnownFileType = sourcecode.swift; path = SceneDelegate.swift; sourceTree = "<group>"; };
		95D5121A2C0D9FBB00007338 /* ViewController.swift */ = {isa = PBXFileReference; lastKnownFileType = sourcecode.swift; path = ViewController.swift; sourceTree = "<group>"; };
		95D5121D2C0D9FBB00007338 /* Base */ = {isa = PBXFileReference; lastKnownFileType = file.storyboard; name = Base; path = Base.lproj/Main.storyboard; sourceTree = "<group>"; };
		95D5121F2C0D9FBC00007338 /* Assets.xcassets */ = {isa = PBXFileReference; lastKnownFileType = folder.assetcatalog; path = Assets.xcassets; sourceTree = "<group>"; };
		95D512222C0D9FBC00007338 /* Base */ = {isa = PBXFileReference; lastKnownFileType = file.storyboard; name = Base; path = Base.lproj/LaunchScreen.storyboard; sourceTree = "<group>"; };
		95D512242C0D9FBC00007338 /* Info.plist */ = {isa = PBXFileReference; lastKnownFileType = text.plist.xml; path = Info.plist; sourceTree = "<group>"; };
		969F0EDD63272951EE1E45F2 /* Pods-PinIT.debug.xcconfig */ = {isa = PBXFileReference; includeInIndex = 1; lastKnownFileType = text.xcconfig; name = "Pods-PinIT.debug.xcconfig"; path = "Target Support Files/Pods-PinIT/Pods-PinIT.debug.xcconfig"; sourceTree = "<group>"; };
/* End PBXFileReference section */

/* Begin PBXFrameworksBuildPhase section */
		95D512102C0D9FBB00007338 /* Frameworks */ = {
			isa = PBXFrameworksBuildPhase;
			buildActionMask = 2147483647;
			files = (
				6520E61476279CAA2DC00263 /* Pods_PinIT.framework in Frameworks */,
			);
			runOnlyForDeploymentPostprocessing = 0;
		};
/* End PBXFrameworksBuildPhase section */

/* Begin PBXGroup section */
		47E9F19C58CA62F525339FFE /* Frameworks */ = {
			isa = PBXGroup;
			children = (
				85B864250794BEA467FA5A36 /* Pods_PinIT.framework */,
			);
			name = Frameworks;
			sourceTree = "<group>";
		};
		95D5120A2C0D9FBB00007338 = {
			isa = PBXGroup;
			children = (
				95D512152C0D9FBB00007338 /* PinIT */,
				95D512142C0D9FBB00007338 /* Products */,
				AF00D1E230E0B17DD0CA64FA /* Pods */,
				47E9F19C58CA62F525339FFE /* Frameworks */,
			);
			sourceTree = "<group>";
		};
		95D512142C0D9FBB00007338 /* Products */ = {
			isa = PBXGroup;
			children = (
				95D512132C0D9FBB00007338 /* PinIT.app */,
			);
			name = Products;
			sourceTree = "<group>";
		};
		95D512152C0D9FBB00007338 /* PinIT */ = {
			isa = PBXGroup;
			children = (
				95D512162C0D9FBB00007338 /* AppDelegate.swift */,
				95D512182C0D9FBB00007338 /* SceneDelegate.swift */,
				95D5121A2C0D9FBB00007338 /* ViewController.swift */,
				95610E622C0DA77D002C3406 /* MapViewController.swift */,
				95D5121C2C0D9FBB00007338 /* Main.storyboard */,
				95D5121F2C0D9FBC00007338 /* Assets.xcassets */,
				95D512212C0D9FBC00007338 /* LaunchScreen.storyboard */,
				95D512242C0D9FBC00007338 /* Info.plist */,
				958218692C0E072C00BC4E5D /* API.plist */,
				9582186F2C0E1F0D00BC4E5D /* ListViewController.swift */,
				958218752C0E202300BC4E5D /* LocationCell.swift */,
				958218762C0E202300BC4E5D /* LocationCell.xib */,
			);
			path = PinIT;
			sourceTree = "<group>";
		};
		AF00D1E230E0B17DD0CA64FA /* Pods */ = {
			isa = PBXGroup;
			children = (
				969F0EDD63272951EE1E45F2 /* Pods-PinIT.debug.xcconfig */,
				05CD4DAB41A5868B09102031 /* Pods-PinIT.release.xcconfig */,
			);
			path = Pods;
			sourceTree = "<group>";
		};
/* End PBXGroup section */

/* Begin PBXNativeTarget section */
		95D512122C0D9FBB00007338 /* PinIT */ = {
			isa = PBXNativeTarget;
			buildConfigurationList = 95D512272C0D9FBC00007338 /* Build configuration list for PBXNativeTarget "PinIT" */;
			buildPhases = (
				A39D29644F0889AD514EBAE3 /* [CP] Check Pods Manifest.lock */,
				95D5120F2C0D9FBB00007338 /* Sources */,
				95D512102C0D9FBB00007338 /* Frameworks */,
				95D512112C0D9FBB00007338 /* Resources */,
				42F69CAFDD1B5A94E9D92E61 /* [CP] Embed Pods Frameworks */,
			);
			buildRules = (
			);
			dependencies = (
			);
			name = PinIT;
			productName = PinIT;
			productReference = 95D512132C0D9FBB00007338 /* PinIT.app */;
			productType = "com.apple.product-type.application";
		};
/* End PBXNativeTarget section */

/* Begin PBXProject section */
		95D5120B2C0D9FBB00007338 /* Project object */ = {
			isa = PBXProject;
			attributes = {
				BuildIndependentTargetsInParallel = 1;
				LastSwiftUpdateCheck = 1540;
				LastUpgradeCheck = 1540;
				TargetAttributes = {
					95D512122C0D9FBB00007338 = {
						CreatedOnToolsVersion = 15.4;
					};
				};
			};
			buildConfigurationList = 95D5120E2C0D9FBB00007338 /* Build configuration list for PBXProject "PinIT" */;
			compatibilityVersion = "Xcode 14.0";
			developmentRegion = en;
			hasScannedForEncodings = 0;
			knownRegions = (
				en,
				Base,
			);
			mainGroup = 95D5120A2C0D9FBB00007338;
			productRefGroup = 95D512142C0D9FBB00007338 /* Products */;
			projectDirPath = "";
			projectRoot = "";
			targets = (
				95D512122C0D9FBB00007338 /* PinIT */,
			);
		};
/* End PBXProject section */

/* Begin PBXResourcesBuildPhase section */
		95D512112C0D9FBB00007338 /* Resources */ = {
			isa = PBXResourcesBuildPhase;
			buildActionMask = 2147483647;
			files = (
				958218782C0E202300BC4E5D /* LocationCell.xib in Resources */,
				95D512202C0D9FBC00007338 /* Assets.xcassets in Resources */,
				9582186A2C0E072C00BC4E5D /* API.plist in Resources */,
				95D512232C0D9FBC00007338 /* Base in Resources */,
				95D5121E2C0D9FBB00007338 /* Base in Resources */,
			);
			runOnlyForDeploymentPostprocessing = 0;
		};
/* End PBXResourcesBuildPhase section */

/* Begin PBXShellScriptBuildPhase section */
		42F69CAFDD1B5A94E9D92E61 /* [CP] Embed Pods Frameworks */ = {
			isa = PBXShellScriptBuildPhase;
			buildActionMask = 2147483647;
			files = (
			);
			inputFileListPaths = (
				"${PODS_ROOT}/Target Support Files/Pods-PinIT/Pods-PinIT-frameworks-${CONFIGURATION}-input-files.xcfilelist",
			);
			name = "[CP] Embed Pods Frameworks";
			outputFileListPaths = (
				"${PODS_ROOT}/Target Support Files/Pods-PinIT/Pods-PinIT-frameworks-${CONFIGURATION}-output-files.xcfilelist",
			);
			runOnlyForDeploymentPostprocessing = 0;
			shellPath = /bin/sh;
			shellScript = "\"${PODS_ROOT}/Target Support Files/Pods-PinIT/Pods-PinIT-frameworks.sh\"\n";
			showEnvVarsInLog = 0;
		};
		A39D29644F0889AD514EBAE3 /* [CP] Check Pods Manifest.lock */ = {
			isa = PBXShellScriptBuildPhase;
			buildActionMask = 2147483647;
			files = (
			);
			inputFileListPaths = (
			);
			inputPaths = (
				"${PODS_PODFILE_DIR_PATH}/Podfile.lock",
				"${PODS_ROOT}/Manifest.lock",
			);
			name = "[CP] Check Pods Manifest.lock";
			outputFileListPaths = (
			);
			outputPaths = (
				"$(DERIVED_FILE_DIR)/Pods-PinIT-checkManifestLockResult.txt",
			);
			runOnlyForDeploymentPostprocessing = 0;
			shellPath = /bin/sh;
			shellScript = "diff \"${PODS_PODFILE_DIR_PATH}/Podfile.lock\" \"${PODS_ROOT}/Manifest.lock\" > /dev/null\nif [ $? != 0 ] ; then\n    # print error to STDERR\n    echo \"error: The sandbox is not in sync with the Podfile.lock. Run 'pod install' or update your CocoaPods installation.\" >&2\n    exit 1\nfi\n# This output is used by Xcode 'outputs' to avoid re-running this script phase.\necho \"SUCCESS\" > \"${SCRIPT_OUTPUT_FILE_0}\"\n";
			showEnvVarsInLog = 0;
		};
/* End PBXShellScriptBuildPhase section */

/* Begin PBXSourcesBuildPhase section */
		95D5120F2C0D9FBB00007338 /* Sources */ = {
			isa = PBXSourcesBuildPhase;
			buildActionMask = 2147483647;
			files = (
				958218772C0E202300BC4E5D /* LocationCell.swift in Sources */,
				95D5121B2C0D9FBB00007338 /* ViewController.swift in Sources */,
				95D512172C0D9FBB00007338 /* AppDelegate.swift in Sources */,
				95D512192C0D9FBB00007338 /* SceneDelegate.swift in Sources */,
				958218702C0E1F0D00BC4E5D /* ListViewController.swift in Sources */,
				95610E632C0DA77D002C3406 /* MapViewController.swift in Sources */,
			);
			runOnlyForDeploymentPostprocessing = 0;
		};
/* End PBXSourcesBuildPhase section */

/* Begin PBXVariantGroup section */
		95D5121C2C0D9FBB00007338 /* Main.storyboard */ = {
			isa = PBXVariantGroup;
			children = (
				95D5121D2C0D9FBB00007338 /* Base */,
			);
			name = Main.storyboard;
			sourceTree = "<group>";
		};
		95D512212C0D9FBC00007338 /* LaunchScreen.storyboard */ = {
			isa = PBXVariantGroup;
			children = (
				95D512222C0D9FBC00007338 /* Base */,
			);
			name = LaunchScreen.storyboard;
			sourceTree = "<group>";
		};
/* End PBXVariantGroup section */

/* Begin XCBuildConfiguration section */
		95D512252C0D9FBC00007338 /* Debug */ = {
			isa = XCBuildConfiguration;
			buildSettings = {
				ALWAYS_SEARCH_USER_PATHS = NO;
				ASSETCATALOG_COMPILER_GENERATE_SWIFT_ASSET_SYMBOL_EXTENSIONS = YES;
				CLANG_ANALYZER_NONNULL = YES;
				CLANG_ANALYZER_NUMBER_OBJECT_CONVERSION = YES_AGGRESSIVE;
				CLANG_CXX_LANGUAGE_STANDARD = "gnu++20";
				CLANG_ENABLE_MODULES = YES;
				CLANG_ENABLE_OBJC_ARC = YES;
				CLANG_ENABLE_OBJC_WEAK = YES;
				CLANG_WARN_BLOCK_CAPTURE_AUTORELEASING = YES;
				CLANG_WARN_BOOL_CONVERSION = YES;
				CLANG_WARN_COMMA = YES;
				CLANG_WARN_CONSTANT_CONVERSION = YES;
				CLANG_WARN_DEPRECATED_OBJC_IMPLEMENTATIONS = YES;
				CLANG_WARN_DIRECT_OBJC_ISA_USAGE = YES_ERROR;
				CLANG_WARN_DOCUMENTATION_COMMENTS = YES;
				CLANG_WARN_EMPTY_BODY = YES;
				CLANG_WARN_ENUM_CONVERSION = YES;
				CLANG_WARN_INFINITE_RECURSION = YES;
				CLANG_WARN_INT_CONVERSION = YES;
				CLANG_WARN_NON_LITERAL_NULL_CONVERSION = YES;
				CLANG_WARN_OBJC_IMPLICIT_RETAIN_SELF = YES;
				CLANG_WARN_OBJC_LITERAL_CONVERSION = YES;
				CLANG_WARN_OBJC_ROOT_CLASS = YES_ERROR;
				CLANG_WARN_QUOTED_INCLUDE_IN_FRAMEWORK_HEADER = YES;
				CLANG_WARN_RANGE_LOOP_ANALYSIS = YES;
				CLANG_WARN_STRICT_PROTOTYPES = YES;
				CLANG_WARN_SUSPICIOUS_MOVE = YES;
				CLANG_WARN_UNGUARDED_AVAILABILITY = YES_AGGRESSIVE;
				CLANG_WARN_UNREACHABLE_CODE = YES;
				CLANG_WARN__DUPLICATE_METHOD_MATCH = YES;
				COPY_PHASE_STRIP = NO;
				DEBUG_INFORMATION_FORMAT = dwarf;
				ENABLE_STRICT_OBJC_MSGSEND = YES;
				ENABLE_TESTABILITY = YES;
				ENABLE_USER_SCRIPT_SANDBOXING = YES;
				GCC_C_LANGUAGE_STANDARD = gnu17;
				GCC_DYNAMIC_NO_PIC = NO;
				GCC_NO_COMMON_BLOCKS = YES;
				GCC_OPTIMIZATION_LEVEL = 0;
				GCC_PREPROCESSOR_DEFINITIONS = (
					"DEBUG=1",
					"$(inherited)",
				);
				GCC_WARN_64_TO_32_BIT_CONVERSION = YES;
				GCC_WARN_ABOUT_RETURN_TYPE = YES_ERROR;
				GCC_WARN_UNDECLARED_SELECTOR = YES;
				GCC_WARN_UNINITIALIZED_AUTOS = YES_AGGRESSIVE;
				GCC_WARN_UNUSED_FUNCTION = YES;
				GCC_WARN_UNUSED_VARIABLE = YES;
				IPHONEOS_DEPLOYMENT_TARGET = 17.5;
				LOCALIZATION_PREFERS_STRING_CATALOGS = YES;
				MTL_ENABLE_DEBUG_INFO = INCLUDE_SOURCE;
				MTL_FAST_MATH = YES;
				ONLY_ACTIVE_ARCH = YES;
				SDKROOT = iphoneos;
				SWIFT_ACTIVE_COMPILATION_CONDITIONS = "DEBUG $(inherited)";
				SWIFT_OPTIMIZATION_LEVEL = "-Onone";
			};
			name = Debug;
		};
		95D512262C0D9FBC00007338 /* Release */ = {
			isa = XCBuildConfiguration;
			buildSettings = {
				ALWAYS_SEARCH_USER_PATHS = NO;
				ASSETCATALOG_COMPILER_GENERATE_SWIFT_ASSET_SYMBOL_EXTENSIONS = YES;
				CLANG_ANALYZER_NONNULL = YES;
				CLANG_ANALYZER_NUMBER_OBJECT_CONVERSION = YES_AGGRESSIVE;
				CLANG_CXX_LANGUAGE_STANDARD = "gnu++20";
				CLANG_ENABLE_MODULES = YES;
				CLANG_ENABLE_OBJC_ARC = YES;
				CLANG_ENABLE_OBJC_WEAK = YES;
				CLANG_WARN_BLOCK_CAPTURE_AUTORELEASING = YES;
				CLANG_WARN_BOOL_CONVERSION = YES;
				CLANG_WARN_COMMA = YES;
				CLANG_WARN_CONSTANT_CONVERSION = YES;
				CLANG_WARN_DEPRECATED_OBJC_IMPLEMENTATIONS = YES;
				CLANG_WARN_DIRECT_OBJC_ISA_USAGE = YES_ERROR;
				CLANG_WARN_DOCUMENTATION_COMMENTS = YES;
				CLANG_WARN_EMPTY_BODY = YES;
				CLANG_WARN_ENUM_CONVERSION = YES;
				CLANG_WARN_INFINITE_RECURSION = YES;
				CLANG_WARN_INT_CONVERSION = YES;
				CLANG_WARN_NON_LITERAL_NULL_CONVERSION = YES;
				CLANG_WARN_OBJC_IMPLICIT_RETAIN_SELF = YES;
				CLANG_WARN_OBJC_LITERAL_CONVERSION = YES;
				CLANG_WARN_OBJC_ROOT_CLASS = YES_ERROR;
				CLANG_WARN_QUOTED_INCLUDE_IN_FRAMEWORK_HEADER = YES;
				CLANG_WARN_RANGE_LOOP_ANALYSIS = YES;
				CLANG_WARN_STRICT_PROTOTYPES = YES;
				CLANG_WARN_SUSPICIOUS_MOVE = YES;
				CLANG_WARN_UNGUARDED_AVAILABILITY = YES_AGGRESSIVE;
				CLANG_WARN_UNREACHABLE_CODE = YES;
				CLANG_WARN__DUPLICATE_METHOD_MATCH = YES;
				COPY_PHASE_STRIP = NO;
				DEBUG_INFORMATION_FORMAT = "dwarf-with-dsym";
				ENABLE_NS_ASSERTIONS = NO;
				ENABLE_STRICT_OBJC_MSGSEND = YES;
				ENABLE_USER_SCRIPT_SANDBOXING = YES;
				GCC_C_LANGUAGE_STANDARD = gnu17;
				GCC_NO_COMMON_BLOCKS = YES;
				GCC_WARN_64_TO_32_BIT_CONVERSION = YES;
				GCC_WARN_ABOUT_RETURN_TYPE = YES_ERROR;
				GCC_WARN_UNDECLARED_SELECTOR = YES;
				GCC_WARN_UNINITIALIZED_AUTOS = YES_AGGRESSIVE;
				GCC_WARN_UNUSED_FUNCTION = YES;
				GCC_WARN_UNUSED_VARIABLE = YES;
				IPHONEOS_DEPLOYMENT_TARGET = 17.5;
				LOCALIZATION_PREFERS_STRING_CATALOGS = YES;
				MTL_ENABLE_DEBUG_INFO = NO;
				MTL_FAST_MATH = YES;
				SDKROOT = iphoneos;
				SWIFT_COMPILATION_MODE = wholemodule;
				VALIDATE_PRODUCT = YES;
			};
			name = Release;
		};
		95D512282C0D9FBC00007338 /* Debug */ = {
			isa = XCBuildConfiguration;
			baseConfigurationReference = 969F0EDD63272951EE1E45F2 /* Pods-PinIT.debug.xcconfig */;
			buildSettings = {
				ASSETCATALOG_COMPILER_APPICON_NAME = AppIcon;
				ASSETCATALOG_COMPILER_GLOBAL_ACCENT_COLOR_NAME = AccentColor;
				CODE_SIGN_STYLE = Automatic;
				CURRENT_PROJECT_VERSION = 1;
				DEVELOPMENT_TEAM = BXKA6MD973;
				ENABLE_USER_SCRIPT_SANDBOXING = NO;
				GENERATE_INFOPLIST_FILE = YES;
				INFOPLIST_FILE = PinIT/Info.plist;
				INFOPLIST_KEY_NSLocationAlwaysAndWhenInUseUsageDescription = "위치정보 권한이 필요합니다.";
				INFOPLIST_KEY_NSLocationAlwaysUsageDescription = "위치정보 권한이 필요합니다.";
				INFOPLIST_KEY_NSLocationWhenInUseUsageDescription = "위치정보 권한이 필요합니다.";
				INFOPLIST_KEY_UIApplicationSupportsIndirectInputEvents = YES;
				INFOPLIST_KEY_UILaunchStoryboardName = LaunchScreen;
				INFOPLIST_KEY_UIMainStoryboardFile = Main;
				INFOPLIST_KEY_UISupportedInterfaceOrientations_iPad = "UIInterfaceOrientationPortrait UIInterfaceOrientationPortraitUpsideDown UIInterfaceOrientationLandscapeLeft UIInterfaceOrientationLandscapeRight";
				INFOPLIST_KEY_UISupportedInterfaceOrientations_iPhone = "UIInterfaceOrientationPortrait UIInterfaceOrientationLandscapeLeft UIInterfaceOrientationLandscapeRight";
				LD_RUNPATH_SEARCH_PATHS = (
					"$(inherited)",
					"@executable_path/Frameworks",
				);
				MARKETING_VERSION = 1.0;
				PRODUCT_BUNDLE_IDENTIFIER = jjinueng.PinIT;
				PRODUCT_NAME = "$(TARGET_NAME)";
				SWIFT_EMIT_LOC_STRINGS = YES;
				SWIFT_VERSION = 5.0;
				TARGETED_DEVICE_FAMILY = "1,2";
			};
			name = Debug;
		};
		95D512292C0D9FBC00007338 /* Release */ = {
			isa = XCBuildConfiguration;
			baseConfigurationReference = 05CD4DAB41A5868B09102031 /* Pods-PinIT.release.xcconfig */;
			buildSettings = {
				ASSETCATALOG_COMPILER_APPICON_NAME = AppIcon;
				ASSETCATALOG_COMPILER_GLOBAL_ACCENT_COLOR_NAME = AccentColor;
				CODE_SIGN_STYLE = Automatic;
				CURRENT_PROJECT_VERSION = 1;
				DEVELOPMENT_TEAM = BXKA6MD973;
				ENABLE_USER_SCRIPT_SANDBOXING = NO;
				GENERATE_INFOPLIST_FILE = YES;
				INFOPLIST_FILE = PinIT/Info.plist;
				INFOPLIST_KEY_NSLocationAlwaysAndWhenInUseUsageDescription = "위치정보 권한이 필요합니다.";
				INFOPLIST_KEY_NSLocationAlwaysUsageDescription = "위치정보 권한이 필요합니다.";
				INFOPLIST_KEY_NSLocationWhenInUseUsageDescription = "위치정보 권한이 필요합니다.";
				INFOPLIST_KEY_UIApplicationSupportsIndirectInputEvents = YES;
				INFOPLIST_KEY_UILaunchStoryboardName = LaunchScreen;
				INFOPLIST_KEY_UIMainStoryboardFile = Main;
				INFOPLIST_KEY_UISupportedInterfaceOrientations_iPad = "UIInterfaceOrientationPortrait UIInterfaceOrientationPortraitUpsideDown UIInterfaceOrientationLandscapeLeft UIInterfaceOrientationLandscapeRight";
				INFOPLIST_KEY_UISupportedInterfaceOrientations_iPhone = "UIInterfaceOrientationPortrait UIInterfaceOrientationLandscapeLeft UIInterfaceOrientationLandscapeRight";
				LD_RUNPATH_SEARCH_PATHS = (
					"$(inherited)",
					"@executable_path/Frameworks",
				);
				MARKETING_VERSION = 1.0;
				PRODUCT_BUNDLE_IDENTIFIER = jjinueng.PinIT;
				PRODUCT_NAME = "$(TARGET_NAME)";
				SWIFT_EMIT_LOC_STRINGS = YES;
				SWIFT_VERSION = 5.0;
				TARGETED_DEVICE_FAMILY = "1,2";
			};
			name = Release;
		};
/* End XCBuildConfiguration section */

/* Begin XCConfigurationList section */
		95D5120E2C0D9FBB00007338 /* Build configuration list for PBXProject "PinIT" */ = {
			isa = XCConfigurationList;
			buildConfigurations = (
				95D512252C0D9FBC00007338 /* Debug */,
				95D512262C0D9FBC00007338 /* Release */,
			);
			defaultConfigurationIsVisible = 0;
			defaultConfigurationName = Release;
		};
		95D512272C0D9FBC00007338 /* Build configuration list for PBXNativeTarget "PinIT" */ = {
			isa = XCConfigurationList;
			buildConfigurations = (
				95D512282C0D9FBC00007338 /* Debug */,
				95D512292C0D9FBC00007338 /* Release */,
			);
			defaultConfigurationIsVisible = 0;
			defaultConfigurationName = Release;
		};
/* End XCConfigurationList section */
	};
	rootObject = 95D5120B2C0D9FBB00007338 /* Project object */;
}
